
Microsoft Visual Studio Solution File, Format Version 12.00
# Visual Studio 14
VisualStudioVersion = 14.0.25420.1
MinimumVisualStudioVersion = 10.0.40219.1
Project("{2150E333-8FDC-42A3-9474-1A3956D46DE8}") = "Engine", "Engine", "{169DD9AE-7D79-46C9-93E2-662A103EDBED}"
EndProject
Project("{2150E333-8FDC-42A3-9474-1A3956D46DE8}") = "Games", "Games", "{E8E5E302-7958-4543-8380-89992C9C8DD3}"
EndProject
Project("{8BC9CEB8-8B4A-11D0-8D11-00A0C91BC942}") = "UE4", "Intermediate\ProjectFiles\UE4.vcxproj", "{DB6D2ADA-ECCA-48FE-B253-63DB960155C7}"
EndProject
Project("{8BC9CEB8-8B4A-11D0-8D11-00A0C91BC942}") = "Escape", "Intermediate\ProjectFiles\Escape.vcxproj", "{84E5EC31-0B6C-4DAE-A5F5-403738AD8AE3}"
EndProject
Global
	GlobalSection(SolutionConfigurationPlatforms) = preSolution
		DebugGame Editor|HTML5 = DebugGame Editor|HTML5
		DebugGame Editor|Win32 = DebugGame Editor|Win32
		DebugGame Editor|Win64 = DebugGame Editor|Win64
		DebugGame|HTML5 = DebugGame|HTML5
		DebugGame|Win32 = DebugGame|Win32
		DebugGame|Win64 = DebugGame|Win64
		Development Editor|HTML5 = Development Editor|HTML5
		Development Editor|Win32 = Development Editor|Win32
		Development Editor|Win64 = Development Editor|Win64
		Development|HTML5 = Development|HTML5
		Development|Win32 = Development|Win32
		Development|Win64 = Development|Win64
		Shipping|HTML5 = Shipping|HTML5
		Shipping|Win32 = Shipping|Win32
		Shipping|Win64 = Shipping|Win64
	EndGlobalSection
	GlobalSection(ProjectConfigurationPlatforms) = postSolution
		{DB6D2ADA-ECCA-48FE-B253-63DB960155C7}.DebugGame Editor|HTML5.ActiveCfg = BuiltWithUnrealBuildTool|Win32
		{DB6D2ADA-ECCA-48FE-B253-63DB960155C7}.DebugGame Editor|HTML5.Build.0 = BuiltWithUnrealBuildTool|Win32
		{DB6D2ADA-ECCA-48FE-B253-63DB960155C7}.DebugGame Editor|Win32.ActiveCfg = BuiltWithUnrealBuildTool|Win32
		{DB6D2ADA-ECCA-48FE-B253-63DB960155C7}.DebugGame Editor|Win32.Build.0 = BuiltWithUnrealBuildTool|Win32
		{DB6D2ADA-ECCA-48FE-B253-63DB960155C7}.DebugGame Editor|Win64.ActiveCfg = BuiltWithUnrealBuildTool|Win32
		{DB6D2ADA-ECCA-48FE-B253-63DB960155C7}.DebugGame Editor|Win64.Build.0 = BuiltWithUnrealBuildTool|Win32
		{DB6D2ADA-ECCA-48FE-B253-63DB960155C7}.DebugGame|HTML5.ActiveCfg = BuiltWithUnrealBuildTool|Win32
		{DB6D2ADA-ECCA-48FE-B253-63DB960155C7}.DebugGame|HTML5.Build.0 = BuiltWithUnrealBuildTool|Win32
		{DB6D2ADA-ECCA-48FE-B253-63DB960155C7}.DebugGame|Win32.ActiveCfg = BuiltWithUnrealBuildTool|Win32
		{DB6D2ADA-ECCA-48FE-B253-63DB960155C7}.DebugGame|Win32.Build.0 = BuiltWithUnrealBuildTool|Win32
		{DB6D2ADA-ECCA-48FE-B253-63DB960155C7}.DebugGame|Win64.ActiveCfg = BuiltWithUnrealBuildTool|Win32
		{DB6D2ADA-ECCA-48FE-B253-63DB960155C7}.DebugGame|Win64.Build.0 = BuiltWithUnrealBuildTool|Win32
		{DB6D2ADA-ECCA-48FE-B253-63DB960155C7}.Development Editor|HTML5.ActiveCfg = BuiltWithUnrealBuildTool|Win32
		{DB6D2ADA-ECCA-48FE-B253-63DB960155C7}.Development Editor|HTML5.Build.0 = BuiltWithUnrealBuildTool|Win32
		{DB6D2ADA-ECCA-48FE-B253-63DB960155C7}.Development Editor|Win32.ActiveCfg = BuiltWithUnrealBuildTool|Win32
		{DB6D2ADA-ECCA-48FE-B253-63DB960155C7}.Development Editor|Win32.Build.0 = BuiltWithUnrealBuildTool|Win32
		{DB6D2ADA-ECCA-48FE-B253-63DB960155C7}.Development Editor|Win64.ActiveCfg = BuiltWithUnrealBuildTool|Win32
		{DB6D2ADA-ECCA-48FE-B253-63DB960155C7}.Development Editor|Win64.Build.0 = BuiltWithUnrealBuildTool|Win32
		{DB6D2ADA-ECCA-48FE-B253-63DB960155C7}.Development|HTML5.ActiveCfg = BuiltWithUnrealBuildTool|Win32
		{DB6D2ADA-ECCA-48FE-B253-63DB960155C7}.Development|HTML5.Build.0 = BuiltWithUnrealBuildTool|Win32
		{DB6D2ADA-ECCA-48FE-B253-63DB960155C7}.Development|Win32.ActiveCfg = BuiltWithUnrealBuildTool|Win32
		{DB6D2ADA-ECCA-48FE-B253-63DB960155C7}.Development|Win32.Build.0 = BuiltWithUnrealBuildTool|Win32
		{DB6D2ADA-ECCA-48FE-B253-63DB960155C7}.Development|Win64.ActiveCfg = BuiltWithUnrealBuildTool|Win32
		{DB6D2ADA-ECCA-48FE-B253-63DB960155C7}.Development|Win64.Build.0 = BuiltWithUnrealBuildTool|Win32
		{DB6D2ADA-ECCA-48FE-B253-63DB960155C7}.Shipping|HTML5.ActiveCfg = BuiltWithUnrealBuildTool|Win32
		{DB6D2ADA-ECCA-48FE-B253-63DB960155C7}.Shipping|HTML5.Build.0 = BuiltWithUnrealBuildTool|Win32
		{DB6D2ADA-ECCA-48FE-B253-63DB960155C7}.Shipping|Win32.ActiveCfg = BuiltWithUnrealBuildTool|Win32
		{DB6D2ADA-ECCA-48FE-B253-63DB960155C7}.Shipping|Win32.Build.0 = BuiltWithUnrealBuildTool|Win32
		{DB6D2ADA-ECCA-48FE-B253-63DB960155C7}.Shipping|Win64.ActiveCfg = BuiltWithUnrealBuildTool|Win32
		{DB6D2ADA-ECCA-48FE-B253-63DB960155C7}.Shipping|Win64.Build.0 = BuiltWithUnrealBuildTool|Win32
		{84E5EC31-0B6C-4DAE-A5F5-403738AD8AE3}.DebugGame Editor|HTML5.ActiveCfg = HTML5_DebugGame_Editor|Win32
		{84E5EC31-0B6C-4DAE-A5F5-403738AD8AE3}.DebugGame Editor|Win32.ActiveCfg = DebugGame_Editor|Win32
		{84E5EC31-0B6C-4DAE-A5F5-403738AD8AE3}.DebugGame Editor|Win64.ActiveCfg = DebugGame_Editor|x64
		{84E5EC31-0B6C-4DAE-A5F5-403738AD8AE3}.DebugGame Editor|Win64.Build.0 = DebugGame_Editor|x64
		{84E5EC31-0B6C-4DAE-A5F5-403738AD8AE3}.DebugGame|HTML5.ActiveCfg = HTML5_DebugGame_Game|Win32
		{84E5EC31-0B6C-4DAE-A5F5-403738AD8AE3}.DebugGame|HTML5.Build.0 = HTML5_DebugGame_Game|Win32
		{84E5EC31-0B6C-4DAE-A5F5-403738AD8AE3}.DebugGame|Win32.ActiveCfg = DebugGame_Game|Win32
		{84E5EC31-0B6C-4DAE-A5F5-403738AD8AE3}.DebugGame|Win32.Build.0 = DebugGame_Game|Win32
		{84E5EC31-0B6C-4DAE-A5F5-403738AD8AE3}.DebugGame|Win64.ActiveCfg = DebugGame_Game|x64
		{84E5EC31-0B6C-4DAE-A5F5-403738AD8AE3}.DebugGame|Win64.Build.0 = DebugGame_Game|x64
		{84E5EC31-0B6C-4DAE-A5F5-403738AD8AE3}.Development Editor|HTML5.ActiveCfg = HTML5_Development_Editor|Win32
		{84E5EC31-0B6C-4DAE-A5F5-403738AD8AE3}.Development Editor|Win32.ActiveCfg = Development_Editor|Win32
		{84E5EC31-0B6C-4DAE-A5F5-403738AD8AE3}.Development Editor|Win64.ActiveCfg = Development_Editor|x64
		{84E5EC31-0B6C-4DAE-A5F5-403738AD8AE3}.Development Editor|Win64.Build.0 = Development_Editor|x64
		{84E5EC31-0B6C-4DAE-A5F5-403738AD8AE3}.Development|HTML5.ActiveCfg = HTML5_Development_Game|Win32
		{84E5EC31-0B6C-4DAE-A5F5-403738AD8AE3}.Development|HTML5.Build.0 = HTML5_Development_Game|Win32
		{84E5EC31-0B6C-4DAE-A5F5-403738AD8AE3}.Development|Win32.ActiveCfg = Development_Game|Win32
		{84E5EC31-0B6C-4DAE-A5F5-403738AD8AE3}.Development|Win32.Build.0 = Development_Game|Win32
		{84E5EC31-0B6C-4DAE-A5F5-403738AD8AE3}.Development|Win64.ActiveCfg = Development_Game|x64
		{84E5EC31-0B6C-4DAE-A5F5-403738AD8AE3}.Development|Win64.Build.0 = Development_Game|x64
		{84E5EC31-0B6C-4DAE-A5F5-403738AD8AE3}.Shipping|HTML5.ActiveCfg = HTML5_Shipping_Game|Win32
		{84E5EC31-0B6C-4DAE-A5F5-403738AD8AE3}.Shipping|HTML5.Build.0 = HTML5_Shipping_Game|Win32
		{84E5EC31-0B6C-4DAE-A5F5-403738AD8AE3}.Shipping|Win32.ActiveCfg = Shipping_Game|Win32
		{84E5EC31-0B6C-4DAE-A5F5-403738AD8AE3}.Shipping|Win32.Build.0 = Shipping_Game|Win32
		{84E5EC31-0B6C-4DAE-A5F5-403738AD8AE3}.Shipping|Win64.ActiveCfg = Shipping_Game|x64
		{84E5EC31-0B6C-4DAE-A5F5-403738AD8AE3}.Shipping|Win64.Build.0 = Shipping_Game|x64
	EndGlobalSection
	GlobalSection(SolutionProperties) = preSolution
		HideSolutionNode = FALSE
	EndGlobalSection
	GlobalSection(NestedProjects) = preSolution
		{DB6D2ADA-ECCA-48FE-B253-63DB960155C7} = {169DD9AE-7D79-46C9-93E2-662A103EDBED}
		{84E5EC31-0B6C-4DAE-A5F5-403738AD8AE3} = {E8E5E302-7958-4543-8380-89992C9C8DD3}
	EndGlobalSection
EndGlobal
